
Microsoft Visual Studio Solution File, Format Version 12.00
# Visual Studio Version 17
VisualStudioVersion = 17.4.33110.190
MinimumVisualStudioVersion = 10.0.40219.1
Project("{FAE04EC0-301F-11D3-BF4B-00C04F79EFBC}") = "AirsiderFlightManagement", "AirsiderFlightManagement\AirsiderFlightManagement.csproj", "{7142F6E4-F8D3-48C3-AB56-DB81EE5E156D}"
EndProject
Global
	GlobalSection(SolutionConfigurationPlatforms) = preSolution
		Debug|Any CPU = Debug|Any CPU
		Release|Any CPU = Release|Any CPU
	EndGlobalSection
	GlobalSection(ProjectConfigurationPlatforms) = postSolution
		{7142F6E4-F8D3-48C3-AB56-DB81EE5E156D}.Debug|Any CPU.ActiveCfg = Debug|Any CPU
		{7142F6E4-F8D3-48C3-AB56-DB81EE5E156D}.Debug|Any CPU.Build.0 = Debug|Any CPU
		{7142F6E4-F8D3-48C3-AB56-DB81EE5E156D}.Release|Any CPU.ActiveCfg = Release|Any CPU
		{7142F6E4-F8D3-48C3-AB56-DB81EE5E156D}.Release|Any CPU.Build.0 = Release|Any CPU
	EndGlobalSection
	GlobalSection(SolutionProperties) = preSolution
		HideSolutionNode = FALSE
	EndGlobalSection
	GlobalSection(ExtensibilityGlobals) = postSolution
		SolutionGuid = {4CBF3316-E888-4A32-AD3E-20DC7D7565F6}
	EndGlobalSection
EndGlobal
